
Microsoft Visual Studio Solution File, Format Version 12.00
# Visual Studio Version 17
VisualStudioVersion = 17.10.35027.167
MinimumVisualStudioVersion = 10.0.40219.1
Project("{9A19103F-16F7-4668-BE54-9A1E7A4F7556}") = "SalesForecastingApp", "assignment\SalesForecastingApp.csproj", "{05E2F577-F665-4204-AFB6-7D08A0A2E16D}"
EndProject
Global
	GlobalSection(SolutionConfigurationPlatforms) = preSolution
		Debug|Any CPU = Debug|Any CPU
		Release|Any CPU = Release|Any CPU
	EndGlobalSection
	GlobalSection(ProjectConfigurationPlatforms) = postSolution
		{05E2F577-F665-4204-AFB6-7D08A0A2E16D}.Debug|Any CPU.ActiveCfg = Debug|Any CPU
		{05E2F577-F665-4204-AFB6-7D08A0A2E16D}.Debug|Any CPU.Build.0 = Debug|Any CPU
		{05E2F577-F665-4204-AFB6-7D08A0A2E16D}.Release|Any CPU.ActiveCfg = Release|Any CPU
		{05E2F577-F665-4204-AFB6-7D08A0A2E16D}.Release|Any CPU.Build.0 = Release|Any CPU
	EndGlobalSection
	GlobalSection(SolutionProperties) = preSolution
		HideSolutionNode = FALSE
	EndGlobalSection
	GlobalSection(ExtensibilityGlobals) = postSolution
		SolutionGuid = {96E3B139-C522-4E15-A133-B8248C3E0E95}
	EndGlobalSection
EndGlobal
